// !$*UTF8*$!
{
	archiveVersion = 1;
	classes = {
	};
	objectVersion = 51;
	objects = {

/* Begin PBXBuildFile section */
		AF1DE92F27763FD5007E9011 /* Ratings.swift in Sources */ = {isa = PBXBuildFile; fileRef = AF1DE92D27763FD5007E9011 /* Ratings.swift */; };
		AF1DE93027763FD5007E9011 /* MovieDetail.swift in Sources */ = {isa = PBXBuildFile; fileRef = AF1DE92E27763FD5007E9011 /* MovieDetail.swift */; };
		AF76A77F276A3CC800191036 /* AppDelegate.swift in Sources */ = {isa = PBXBuildFile; fileRef = AF76A77E276A3CC800191036 /* AppDelegate.swift */; };
		AF76A781276A3CC800191036 /* SceneDelegate.swift in Sources */ = {isa = PBXBuildFile; fileRef = AF76A780276A3CC800191036 /* SceneDelegate.swift */; };
		AF76A783276A3CC800191036 /* SplashScreen.swift in Sources */ = {isa = PBXBuildFile; fileRef = AF76A782276A3CC800191036 /* SplashScreen.swift */; };
		AF76A786276A3CC800191036 /* Main.storyboard in Resources */ = {isa = PBXBuildFile; fileRef = AF76A784276A3CC800191036 /* Main.storyboard */; };
		AF76A788276A3CCA00191036 /* Assets.xcassets in Resources */ = {isa = PBXBuildFile; fileRef = AF76A787276A3CCA00191036 /* Assets.xcassets */; };
		AF76A794276B384700191036 /* Connection.swift in Sources */ = {isa = PBXBuildFile; fileRef = AF76A793276B384700191036 /* Connection.swift */; };
		AF76A798276B4D4900191036 /* MainTableViewController.swift in Sources */ = {isa = PBXBuildFile; fileRef = AF76A797276B4D4900191036 /* MainTableViewController.swift */; };
		AF76A79A276B4FB700191036 /* TableViewCell.swift in Sources */ = {isa = PBXBuildFile; fileRef = AF76A799276B4FB700191036 /* TableViewCell.swift */; };
		AF76A79C276B64B900191036 /* ImageView.swift in Sources */ = {isa = PBXBuildFile; fileRef = AF76A79B276B64B900191036 /* ImageView.swift */; };
		AF76A79E276B6D4200191036 /* CardView.swift in Sources */ = {isa = PBXBuildFile; fileRef = AF76A79D276B6D4200191036 /* CardView.swift */; };
		AF76A7A1276B741D00191036 /* Extensions.swift in Sources */ = {isa = PBXBuildFile; fileRef = AF76A7A0276B741D00191036 /* Extensions.swift */; };
		AF76A7A5276B7C1F00191036 /* Search.swift in Sources */ = {isa = PBXBuildFile; fileRef = AF76A7A3276B7C1F00191036 /* Search.swift */; };
		AF76A7A6276B7C1F00191036 /* MoviesModel.swift in Sources */ = {isa = PBXBuildFile; fileRef = AF76A7A4276B7C1F00191036 /* MoviesModel.swift */; };
		AF76A7A9276B7CB800191036 /* Services.swift in Sources */ = {isa = PBXBuildFile; fileRef = AF76A7A8276B7CB800191036 /* Services.swift */; };
		AF76A7AC276B91F000191036 /* MovieDetailViewController.swift in Sources */ = {isa = PBXBuildFile; fileRef = AF76A7AB276B91F000191036 /* MovieDetailViewController.swift */; };
		AF76A7B9276C819B00191036 /* GoogleService-Info.plist in Resources */ = {isa = PBXBuildFile; fileRef = AF76A7B8276C819B00191036 /* GoogleService-Info.plist */; };
		AF76A7BB276CB82B00191036 /* Color.swift in Sources */ = {isa = PBXBuildFile; fileRef = AF76A7BA276CB82B00191036 /* Color.swift */; };
		AF76A7BD276D014800191036 /* Launch Screen.storyboard in Resources */ = {isa = PBXBuildFile; fileRef = AF76A7BC276D014800191036 /* Launch Screen.storyboard */; };
		BFDEBDFD204ADC606028C465 /* Pods_Movie.framework in Frameworks */ = {isa = PBXBuildFile; fileRef = 8718EAD0E6710239345DD421 /* Pods_Movie.framework */; };
/* End PBXBuildFile section */

/* Begin PBXFileReference section */
		8718EAD0E6710239345DD421 /* Pods_Movie.framework */ = {isa = PBXFileReference; explicitFileType = wrapper.framework; includeInIndex = 0; path = Pods_Movie.framework; sourceTree = BUILT_PRODUCTS_DIR; };
		93AB3F263FE7EED94340422E /* Pods-Movie.release.xcconfig */ = {isa = PBXFileReference; includeInIndex = 1; lastKnownFileType = text.xcconfig; name = "Pods-Movie.release.xcconfig"; path = "Target Support Files/Pods-Movie/Pods-Movie.release.xcconfig"; sourceTree = "<group>"; };
		AF1DE92D27763FD5007E9011 /* Ratings.swift */ = {isa = PBXFileReference; fileEncoding = 4; lastKnownFileType = sourcecode.swift; path = Ratings.swift; sourceTree = "<group>"; };
		AF1DE92E27763FD5007E9011 /* MovieDetail.swift */ = {isa = PBXFileReference; fileEncoding = 4; lastKnownFileType = sourcecode.swift; path = MovieDetail.swift; sourceTree = "<group>"; };
		AF76A77B276A3CC800191036 /* Movie.app */ = {isa = PBXFileReference; explicitFileType = wrapper.application; includeInIndex = 0; path = Movie.app; sourceTree = BUILT_PRODUCTS_DIR; };
		AF76A77E276A3CC800191036 /* AppDelegate.swift */ = {isa = PBXFileReference; lastKnownFileType = sourcecode.swift; path = AppDelegate.swift; sourceTree = "<group>"; };
		AF76A780276A3CC800191036 /* SceneDelegate.swift */ = {isa = PBXFileReference; lastKnownFileType = sourcecode.swift; path = SceneDelegate.swift; sourceTree = "<group>"; };
		AF76A782276A3CC800191036 /* SplashScreen.swift */ = {isa = PBXFileReference; lastKnownFileType = sourcecode.swift; path = SplashScreen.swift; sourceTree = "<group>"; };
		AF76A785276A3CC800191036 /* Base */ = {isa = PBXFileReference; lastKnownFileType = file.storyboard; name = Base; path = Base.lproj/Main.storyboard; sourceTree = "<group>"; };
		AF76A787276A3CCA00191036 /* Assets.xcassets */ = {isa = PBXFileReference; lastKnownFileType = folder.assetcatalog; path = Assets.xcassets; sourceTree = "<group>"; };
		AF76A78C276A3CCA00191036 /* Info.plist */ = {isa = PBXFileReference; lastKnownFileType = text.plist.xml; path = Info.plist; sourceTree = "<group>"; };
		AF76A793276B384700191036 /* Connection.swift */ = {isa = PBXFileReference; lastKnownFileType = sourcecode.swift; path = Connection.swift; sourceTree = "<group>"; };
		AF76A797276B4D4900191036 /* MainTableViewController.swift */ = {isa = PBXFileReference; lastKnownFileType = sourcecode.swift; path = MainTableViewController.swift; sourceTree = "<group>"; };
		AF76A799276B4FB700191036 /* TableViewCell.swift */ = {isa = PBXFileReference; lastKnownFileType = sourcecode.swift; path = TableViewCell.swift; sourceTree = "<group>"; };
		AF76A79B276B64B900191036 /* ImageView.swift */ = {isa = PBXFileReference; lastKnownFileType = sourcecode.swift; path = ImageView.swift; sourceTree = "<group>"; };
		AF76A79D276B6D4200191036 /* CardView.swift */ = {isa = PBXFileReference; lastKnownFileType = sourcecode.swift; path = CardView.swift; sourceTree = "<group>"; };
		AF76A7A0276B741D00191036 /* Extensions.swift */ = {isa = PBXFileReference; fileEncoding = 4; lastKnownFileType = sourcecode.swift; name = Extensions.swift; path = "../../../../Downloads/Swift-JaylaMerge/JaylanMerge/Utilities/Extension/Extensions.swift"; sourceTree = "<group>"; };
		AF76A7A3276B7C1F00191036 /* Search.swift */ = {isa = PBXFileReference; fileEncoding = 4; lastKnownFileType = sourcecode.swift; path = Search.swift; sourceTree = "<group>"; };
		AF76A7A4276B7C1F00191036 /* MoviesModel.swift */ = {isa = PBXFileReference; fileEncoding = 4; lastKnownFileType = sourcecode.swift; path = MoviesModel.swift; sourceTree = "<group>"; };
		AF76A7A8276B7CB800191036 /* Services.swift */ = {isa = PBXFileReference; fileEncoding = 4; lastKnownFileType = sourcecode.swift; path = Services.swift; sourceTree = "<group>"; };
		AF76A7AB276B91F000191036 /* MovieDetailViewController.swift */ = {isa = PBXFileReference; lastKnownFileType = sourcecode.swift; path = MovieDetailViewController.swift; sourceTree = "<group>"; };
		AF76A7B7276C7F9D00191036 /* Movie.entitlements */ = {isa = PBXFileReference; lastKnownFileType = text.plist.entitlements; path = Movie.entitlements; sourceTree = "<group>"; };
		AF76A7B8276C819B00191036 /* GoogleService-Info.plist */ = {isa = PBXFileReference; fileEncoding = 4; lastKnownFileType = text.plist.xml; name = "GoogleService-Info.plist"; path = "../../../Downloads/GoogleService-Info.plist"; sourceTree = "<group>"; };
		AF76A7BA276CB82B00191036 /* Color.swift */ = {isa = PBXFileReference; lastKnownFileType = sourcecode.swift; path = Color.swift; sourceTree = "<group>"; };
		AF76A7BC276D014800191036 /* Launch Screen.storyboard */ = {isa = PBXFileReference; lastKnownFileType = file.storyboard; path = "Launch Screen.storyboard"; sourceTree = "<group>"; };
		E4302428EB6E2112454FB2FC /* Pods-Movie.debug.xcconfig */ = {isa = PBXFileReference; includeInIndex = 1; lastKnownFileType = text.xcconfig; name = "Pods-Movie.debug.xcconfig"; path = "Target Support Files/Pods-Movie/Pods-Movie.debug.xcconfig"; sourceTree = "<group>"; };
/* End PBXFileReference section */

/* Begin PBXFrameworksBuildPhase section */
		AF76A778276A3CC800191036 /* Frameworks */ = {
			isa = PBXFrameworksBuildPhase;
			buildActionMask = 2147483647;
			files = (
				BFDEBDFD204ADC606028C465 /* Pods_Movie.framework in Frameworks */,
			);
			runOnlyForDeploymentPostprocessing = 0;
		};
/* End PBXFrameworksBuildPhase section */

/* Begin PBXGroup section */
		AF76A772276A3CC800191036 = {
			isa = PBXGroup;
			children = (
				AF76A77D276A3CC800191036 /* Movie */,
				AF76A77C276A3CC800191036 /* Products */,
				F893FF4C0D187ECBAD9E0F4A /* Pods */,
				B02809789DAE4D7E3C05ADBC /* Frameworks */,
			);
			sourceTree = "<group>";
		};
		AF76A77C276A3CC800191036 /* Products */ = {
			isa = PBXGroup;
			children = (
				AF76A77B276A3CC800191036 /* Movie.app */,
			);
			name = Products;
			sourceTree = "<group>";
		};
		AF76A77D276A3CC800191036 /* Movie */ = {
			isa = PBXGroup;
			children = (
				AF76A7B7276C7F9D00191036 /* Movie.entitlements */,
				AF76A77E276A3CC800191036 /* AppDelegate.swift */,
				AF76A780276A3CC800191036 /* SceneDelegate.swift */,
				AF76A792276B383600191036 /* connection */,
				AF76A7A7276B7C4D00191036 /* API */,
				AF76A7AA276B8F9500191036 /* Views */,
				AF76A7A2276B7BCC00191036 /* Models */,
				AF76A7B6276C73A700191036 /* Controllers */,
				AF76A79F276B6D5300191036 /* Custom */,
				AF76A784276A3CC800191036 /* Main.storyboard */,
				AF76A7BC276D014800191036 /* Launch Screen.storyboard */,
				AF76A787276A3CCA00191036 /* Assets.xcassets */,
				AF76A78C276A3CCA00191036 /* Info.plist */,
				AF76A7B8276C819B00191036 /* GoogleService-Info.plist */,
			);
			path = Movie;
			sourceTree = "<group>";
		};
		AF76A792276B383600191036 /* connection */ = {
			isa = PBXGroup;
			children = (
				AF76A793276B384700191036 /* Connection.swift */,
			);
			path = connection;
			sourceTree = "<group>";
		};
		AF76A79F276B6D5300191036 /* Custom */ = {
			isa = PBXGroup;
			children = (
				AF76A7A0276B741D00191036 /* Extensions.swift */,
				AF76A79B276B64B900191036 /* ImageView.swift */,
				AF76A7BA276CB82B00191036 /* Color.swift */,
			);
			path = Custom;
			sourceTree = "<group>";
		};
		AF76A7A2276B7BCC00191036 /* Models */ = {
			isa = PBXGroup;
			children = (
				AF76A7AE276B9D2800191036 /* movieDetail */,
				AF76A7A4276B7C1F00191036 /* MoviesModel.swift */,
				AF76A7A3276B7C1F00191036 /* Search.swift */,
			);
			path = Models;
			sourceTree = "<group>";
		};
		AF76A7A7276B7C4D00191036 /* API */ = {
			isa = PBXGroup;
			children = (
				AF76A7A8276B7CB800191036 /* Services.swift */,
			);
			path = API;
			sourceTree = "<group>";
		};
		AF76A7AA276B8F9500191036 /* Views */ = {
			isa = PBXGroup;
			children = (
				AF76A799276B4FB700191036 /* TableViewCell.swift */,
				AF76A79D276B6D4200191036 /* CardView.swift */,
			);
			path = Views;
			sourceTree = "<group>";
		};
		AF76A7AE276B9D2800191036 /* movieDetail */ = {
			isa = PBXGroup;
			children = (
				AF1DE92E27763FD5007E9011 /* MovieDetail.swift */,
				AF1DE92D27763FD5007E9011 /* Ratings.swift */,
			);
			path = movieDetail;
			sourceTree = "<group>";
		};
		AF76A7B6276C73A700191036 /* Controllers */ = {
			isa = PBXGroup;
			children = (
				AF76A782276A3CC800191036 /* SplashScreen.swift */,
				AF76A797276B4D4900191036 /* MainTableViewController.swift */,
				AF76A7AB276B91F000191036 /* MovieDetailViewController.swift */,
			);
			path = Controllers;
			sourceTree = "<group>";
		};
		B02809789DAE4D7E3C05ADBC /* Frameworks */ = {
			isa = PBXGroup;
			children = (
				8718EAD0E6710239345DD421 /* Pods_Movie.framework */,
			);
			name = Frameworks;
			sourceTree = "<group>";
		};
		F893FF4C0D187ECBAD9E0F4A /* Pods */ = {
			isa = PBXGroup;
			children = (
				E4302428EB6E2112454FB2FC /* Pods-Movie.debug.xcconfig */,
				93AB3F263FE7EED94340422E /* Pods-Movie.release.xcconfig */,
			);
			path = Pods;
			sourceTree = "<group>";
		};
/* End PBXGroup section */

/* Begin PBXNativeTarget section */
		AF76A77A276A3CC800191036 /* Movie */ = {
			isa = PBXNativeTarget;
			buildConfigurationList = AF76A78F276A3CCA00191036 /* Build configuration list for PBXNativeTarget "Movie" */;
			buildPhases = (
				444BB7A15F2ED2727815ACF8 /* [CP] Check Pods Manifest.lock */,
				AF76A777276A3CC800191036 /* Sources */,
				AF76A778276A3CC800191036 /* Frameworks */,
				AF76A779276A3CC800191036 /* Resources */,
				168EA43A1381169C9BC4750A /* [CP] Embed Pods Frameworks */,
			);
			buildRules = (
			);
			dependencies = (
			);
			name = Movie;
			productName = Movie;
			productReference = AF76A77B276A3CC800191036 /* Movie.app */;
			productType = "com.apple.product-type.application";
		};
/* End PBXNativeTarget section */

/* Begin PBXProject section */
		AF76A773276A3CC800191036 /* Project object */ = {
			isa = PBXProject;
			attributes = {
				LastSwiftUpdateCheck = 1250;
				LastUpgradeCheck = 1250;
				TargetAttributes = {
					AF76A77A276A3CC800191036 = {
						CreatedOnToolsVersion = 12.5.1;
					};
				};
			};
			buildConfigurationList = AF76A776276A3CC800191036 /* Build configuration list for PBXProject "Movie" */;
			compatibilityVersion = "Xcode 9.3";
			developmentRegion = en;
			hasScannedForEncodings = 0;
			knownRegions = (
				en,
				Base,
			);
			mainGroup = AF76A772276A3CC800191036;
			productRefGroup = AF76A77C276A3CC800191036 /* Products */;
			projectDirPath = "";
			projectRoot = "";
			targets = (
				AF76A77A276A3CC800191036 /* Movie */,
			);
		};
/* End PBXProject section */

/* Begin PBXResourcesBuildPhase section */
		AF76A779276A3CC800191036 /* Resources */ = {
			isa = PBXResourcesBuildPhase;
			buildActionMask = 2147483647;
			files = (
				AF76A788276A3CCA00191036 /* Assets.xcassets in Resources */,
				AF76A786276A3CC800191036 /* Main.storyboard in Resources */,
				AF76A7BD276D014800191036 /* Launch Screen.storyboard in Resources */,
				AF76A7B9276C819B00191036 /* GoogleService-Info.plist in Resources */,
			);
			runOnlyForDeploymentPostprocessing = 0;
		};
/* End PBXResourcesBuildPhase section */

/* Begin PBXShellScriptBuildPhase section */
		168EA43A1381169C9BC4750A /* [CP] Embed Pods Frameworks */ = {
			isa = PBXShellScriptBuildPhase;
			buildActionMask = 2147483647;
			files = (
			);
			inputFileListPaths = (
				"${PODS_ROOT}/Target Support Files/Pods-Movie/Pods-Movie-frameworks-${CONFIGURATION}-input-files.xcfilelist",
			);
			name = "[CP] Embed Pods Frameworks";
			outputFileListPaths = (
				"${PODS_ROOT}/Target Support Files/Pods-Movie/Pods-Movie-frameworks-${CONFIGURATION}-output-files.xcfilelist",
			);
			runOnlyForDeploymentPostprocessing = 0;
			shellPath = /bin/sh;
			shellScript = "\"${PODS_ROOT}/Target Support Files/Pods-Movie/Pods-Movie-frameworks.sh\"\n";
			showEnvVarsInLog = 0;
		};
		444BB7A15F2ED2727815ACF8 /* [CP] Check Pods Manifest.lock */ = {
			isa = PBXShellScriptBuildPhase;
			buildActionMask = 2147483647;
			files = (
			);
			inputFileListPaths = (
			);
			inputPaths = (
				"${PODS_PODFILE_DIR_PATH}/Podfile.lock",
				"${PODS_ROOT}/Manifest.lock",
			);
			name = "[CP] Check Pods Manifest.lock";
			outputFileListPaths = (
			);
			outputPaths = (
				"$(DERIVED_FILE_DIR)/Pods-Movie-checkManifestLockResult.txt",
			);
			runOnlyForDeploymentPostprocessing = 0;
			shellPath = /bin/sh;
			shellScript = "diff \"${PODS_PODFILE_DIR_PATH}/Podfile.lock\" \"${PODS_ROOT}/Manifest.lock\" > /dev/null\nif [ $? != 0 ] ; then\n    # print error to STDERR\n    echo \"error: The sandbox is not in sync with the Podfile.lock. Run 'pod install' or update your CocoaPods installation.\" >&2\n    exit 1\nfi\n# This output is used by Xcode 'outputs' to avoid re-running this script phase.\necho \"SUCCESS\" > \"${SCRIPT_OUTPUT_FILE_0}\"\n";
			showEnvVarsInLog = 0;
		};
/* End PBXShellScriptBuildPhase section */

/* Begin PBXSourcesBuildPhase section */
		AF76A777276A3CC800191036 /* Sources */ = {
			isa = PBXSourcesBuildPhase;
			buildActionMask = 2147483647;
			files = (
				AF76A7A9276B7CB800191036 /* Services.swift in Sources */,
				AF1DE92F27763FD5007E9011 /* Ratings.swift in Sources */,
				AF1DE93027763FD5007E9011 /* MovieDetail.swift in Sources */,
				AF76A7A5276B7C1F00191036 /* Search.swift in Sources */,
				AF76A79C276B64B900191036 /* ImageView.swift in Sources */,
				AF76A79E276B6D4200191036 /* CardView.swift in Sources */,
				AF76A7BB276CB82B00191036 /* Color.swift in Sources */,
				AF76A7AC276B91F000191036 /* MovieDetailViewController.swift in Sources */,
				AF76A783276A3CC800191036 /* SplashScreen.swift in Sources */,
				AF76A77F276A3CC800191036 /* AppDelegate.swift in Sources */,
				AF76A7A6276B7C1F00191036 /* MoviesModel.swift in Sources */,
				AF76A781276A3CC800191036 /* SceneDelegate.swift in Sources */,
				AF76A7A1276B741D00191036 /* Extensions.swift in Sources */,
				AF76A794276B384700191036 /* Connection.swift in Sources */,
				AF76A798276B4D4900191036 /* MainTableViewController.swift in Sources */,
				AF76A79A276B4FB700191036 /* TableViewCell.swift in Sources */,
			);
			runOnlyForDeploymentPostprocessing = 0;
		};
/* End PBXSourcesBuildPhase section */

/* Begin PBXVariantGroup section */
		AF76A784276A3CC800191036 /* Main.storyboard */ = {
			isa = PBXVariantGroup;
			children = (
				AF76A785276A3CC800191036 /* Base */,
			);
			name = Main.storyboard;
			sourceTree = "<group>";
		};
/* End PBXVariantGroup section */

/* Begin XCBuildConfiguration section */
		AF76A78D276A3CCA00191036 /* Debug */ = {
			isa = XCBuildConfiguration;
			buildSettings = {
				ALWAYS_SEARCH_USER_PATHS = NO;
				CLANG_ANALYZER_NONNULL = YES;
				CLANG_ANALYZER_NUMBER_OBJECT_CONVERSION = YES_AGGRESSIVE;
				CLANG_CXX_LANGUAGE_STANDARD = "gnu++14";
				CLANG_CXX_LIBRARY = "libc++";
				CLANG_ENABLE_MODULES = YES;
				CLANG_ENABLE_OBJC_ARC = YES;
				CLANG_ENABLE_OBJC_WEAK = YES;
				CLANG_WARN_BLOCK_CAPTURE_AUTORELEASING = YES;
				CLANG_WARN_BOOL_CONVERSION = YES;
				CLANG_WARN_COMMA = YES;
				CLANG_WARN_CONSTANT_CONVERSION = YES;
				CLANG_WARN_DEPRECATED_OBJC_IMPLEMENTATIONS = YES;
				CLANG_WARN_DIRECT_OBJC_ISA_USAGE = YES_ERROR;
				CLANG_WARN_DOCUMENTATION_COMMENTS = YES;
				CLANG_WARN_EMPTY_BODY = YES;
				CLANG_WARN_ENUM_CONVERSION = YES;
				CLANG_WARN_INFINITE_RECURSION = YES;
				CLANG_WARN_INT_CONVERSION = YES;
				CLANG_WARN_NON_LITERAL_NULL_CONVERSION = YES;
				CLANG_WARN_OBJC_IMPLICIT_RETAIN_SELF = YES;
				CLANG_WARN_OBJC_LITERAL_CONVERSION = YES;
				CLANG_WARN_OBJC_ROOT_CLASS = YES_ERROR;
				CLANG_WARN_QUOTED_INCLUDE_IN_FRAMEWORK_HEADER = YES;
				CLANG_WARN_RANGE_LOOP_ANALYSIS = YES;
				CLANG_WARN_STRICT_PROTOTYPES = YES;
				CLANG_WARN_SUSPICIOUS_MOVE = YES;
				CLANG_WARN_UNGUARDED_AVAILABILITY = YES_AGGRESSIVE;
				CLANG_WARN_UNREACHABLE_CODE = YES;
				CLANG_WARN__DUPLICATE_METHOD_MATCH = YES;
				COPY_PHASE_STRIP = NO;
				DEBUG_INFORMATION_FORMAT = dwarf;
				ENABLE_STRICT_OBJC_MSGSEND = YES;
				ENABLE_TESTABILITY = YES;
				GCC_C_LANGUAGE_STANDARD = gnu11;
				GCC_DYNAMIC_NO_PIC = NO;
				GCC_NO_COMMON_BLOCKS = YES;
				GCC_OPTIMIZATION_LEVEL = 0;
				GCC_PREPROCESSOR_DEFINITIONS = (
					"DEBUG=1",
					"$(inherited)",
				);
				GCC_WARN_64_TO_32_BIT_CONVERSION = YES;
				GCC_WARN_ABOUT_RETURN_TYPE = YES_ERROR;
				GCC_WARN_UNDECLARED_SELECTOR = YES;
				GCC_WARN_UNINITIALIZED_AUTOS = YES_AGGRESSIVE;
				GCC_WARN_UNUSED_FUNCTION = YES;
				GCC_WARN_UNUSED_VARIABLE = YES;
				IPHONEOS_DEPLOYMENT_TARGET = 14.5;
				MTL_ENABLE_DEBUG_INFO = INCLUDE_SOURCE;
				MTL_FAST_MATH = YES;
				ONLY_ACTIVE_ARCH = YES;
				SDKROOT = iphoneos;
				SWIFT_ACTIVE_COMPILATION_CONDITIONS = DEBUG;
				SWIFT_OPTIMIZATION_LEVEL = "-Onone";
			};
			name = Debug;
		};
		AF76A78E276A3CCA00191036 /* Release */ = {
			isa = XCBuildConfiguration;
			buildSettings = {
				ALWAYS_SEARCH_USER_PATHS = NO;
				CLANG_ANALYZER_NONNULL = YES;
				CLANG_ANALYZER_NUMBER_OBJECT_CONVERSION = YES_AGGRESSIVE;
				CLANG_CXX_LANGUAGE_STANDARD = "gnu++14";
				CLANG_CXX_LIBRARY = "libc++";
				CLANG_ENABLE_MODULES = YES;
				CLANG_ENABLE_OBJC_ARC = YES;
				CLANG_ENABLE_OBJC_WEAK = YES;
				CLANG_WARN_BLOCK_CAPTURE_AUTORELEASING = YES;
				CLANG_WARN_BOOL_CONVERSION = YES;
				CLANG_WARN_COMMA = YES;
				CLANG_WARN_CONSTANT_CONVERSION = YES;
				CLANG_WARN_DEPRECATED_OBJC_IMPLEMENTATIONS = YES;
				CLANG_WARN_DIRECT_OBJC_ISA_USAGE = YES_ERROR;
				CLANG_WARN_DOCUMENTATION_COMMENTS = YES;
				CLANG_WARN_EMPTY_BODY = YES;
				CLANG_WARN_ENUM_CONVERSION = YES;
				CLANG_WARN_INFINITE_RECURSION = YES;
				CLANG_WARN_INT_CONVERSION = YES;
				CLANG_WARN_NON_LITERAL_NULL_CONVERSION = YES;
				CLANG_WARN_OBJC_IMPLICIT_RETAIN_SELF = YES;
				CLANG_WARN_OBJC_LITERAL_CONVERSION = YES;
				CLANG_WARN_OBJC_ROOT_CLASS = YES_ERROR;
				CLANG_WARN_QUOTED_INCLUDE_IN_FRAMEWORK_HEADER = YES;
				CLANG_WARN_RANGE_LOOP_ANALYSIS = YES;
				CLANG_WARN_STRICT_PROTOTYPES = YES;
				CLANG_WARN_SUSPICIOUS_MOVE = YES;
				CLANG_WARN_UNGUARDED_AVAILABILITY = YES_AGGRESSIVE;
				CLANG_WARN_UNREACHABLE_CODE = YES;
				CLANG_WARN__DUPLICATE_METHOD_MATCH = YES;
				COPY_PHASE_STRIP = NO;
				DEBUG_INFORMATION_FORMAT = "dwarf-with-dsym";
				ENABLE_NS_ASSERTIONS = NO;
				ENABLE_STRICT_OBJC_MSGSEND = YES;
				GCC_C_LANGUAGE_STANDARD = gnu11;
				GCC_NO_COMMON_BLOCKS = YES;
				GCC_WARN_64_TO_32_BIT_CONVERSION = YES;
				GCC_WARN_ABOUT_RETURN_TYPE = YES_ERROR;
				GCC_WARN_UNDECLARED_SELECTOR = YES;
				GCC_WARN_UNINITIALIZED_AUTOS = YES_AGGRESSIVE;
				GCC_WARN_UNUSED_FUNCTION = YES;
				GCC_WARN_UNUSED_VARIABLE = YES;
				IPHONEOS_DEPLOYMENT_TARGET = 14.5;
				MTL_ENABLE_DEBUG_INFO = NO;
				MTL_FAST_MATH = YES;
				SDKROOT = iphoneos;
				SWIFT_COMPILATION_MODE = wholemodule;
				SWIFT_OPTIMIZATION_LEVEL = "-O";
				VALIDATE_PRODUCT = YES;
			};
			name = Release;
		};
		AF76A790276A3CCA00191036 /* Debug */ = {
			isa = XCBuildConfiguration;
			baseConfigurationReference = E4302428EB6E2112454FB2FC /* Pods-Movie.debug.xcconfig */;
			buildSettings = {
				ASSETCATALOG_COMPILER_APPICON_NAME = AppIcon;
				ASSETCATALOG_COMPILER_GLOBAL_ACCENT_COLOR_NAME = AccentColor;
				CODE_SIGN_ENTITLEMENTS = Movie/Movie.entitlements;
				CODE_SIGN_STYLE = Automatic;
				INFOPLIST_FILE = Movie/Info.plist;
				LD_RUNPATH_SEARCH_PATHS = (
					"$(inherited)",
					"@executable_path/Frameworks",
				);
				PRODUCT_BUNDLE_IDENTIFIER = Noor.Movie;
				PRODUCT_NAME = "$(TARGET_NAME)";
				SWIFT_VERSION = 5.0;
				TARGETED_DEVICE_FAMILY = "1,2";
			};
			name = Debug;
		};
		AF76A791276A3CCA00191036 /* Release */ = {
			isa = XCBuildConfiguration;
			baseConfigurationReference = 93AB3F263FE7EED94340422E /* Pods-Movie.release.xcconfig */;
			buildSettings = {
				ASSETCATALOG_COMPILER_APPICON_NAME = AppIcon;
				ASSETCATALOG_COMPILER_GLOBAL_ACCENT_COLOR_NAME = AccentColor;
				CODE_SIGN_ENTITLEMENTS = Movie/Movie.entitlements;
				CODE_SIGN_STYLE = Automatic;
				INFOPLIST_FILE = Movie/Info.plist;
				LD_RUNPATH_SEARCH_PATHS = (
					"$(inherited)",
					"@executable_path/Frameworks",
				);
				PRODUCT_BUNDLE_IDENTIFIER = Noor.Movie;
				PRODUCT_NAME = "$(TARGET_NAME)";
				SWIFT_VERSION = 5.0;
				TARGETED_DEVICE_FAMILY = "1,2";
			};
			name = Release;
		};
/* End XCBuildConfiguration section */

/* Begin XCConfigurationList section */
		AF76A776276A3CC800191036 /* Build configuration list for PBXProject "Movie" */ = {
			isa = XCConfigurationList;
			buildConfigurations = (
				AF76A78D276A3CCA00191036 /* Debug */,
				AF76A78E276A3CCA00191036 /* Release */,
			);
			defaultConfigurationIsVisible = 0;
			defaultConfigurationName = Release;
		};
		AF76A78F276A3CCA00191036 /* Build configuration list for PBXNativeTarget "Movie" */ = {
			isa = XCConfigurationList;
			buildConfigurations = (
				AF76A790276A3CCA00191036 /* Debug */,
				AF76A791276A3CCA00191036 /* Release */,
			);
			defaultConfigurationIsVisible = 0;
			defaultConfigurationName = Release;
		};
/* End XCConfigurationList section */
	};
	rootObject = AF76A773276A3CC800191036 /* Project object */;
}
